
Microsoft Visual Studio Solution File, Format Version 12.00
# Visual Studio Version 17
VisualStudioVersion = 17.0.31903.59
MinimumVisualStudioVersion = 10.0.40219.1
Project("{2150E333-8FDC-42A3-9474-1A3956D46DE8}") = "src", "src", "{827E0CD3-B72D-47B6-A68D-7590B98EB39B}"
EndProject
Project("{2150E333-8FDC-42A3-9474-1A3956D46DE8}") = "BuildingBlocks", "BuildingBlocks", "{90298CBA-BD6F-3A0A-69D5-97CAD7B05E7E}"
EndProject
Project("{FAE04EC0-301F-11D3-BF4B-00C04F79EFBC}") = "ShopX.BuildingBlocks.Application", "src\BuildingBlocks\ShopX.BuildingBlocks.Application\ShopX.BuildingBlocks.Application.csproj", "{2BCB5DBC-D97A-4401-A0CF-0B0120FB9619}"
EndProject
Project("{FAE04EC0-301F-11D3-BF4B-00C04F79EFBC}") = "ShopX.BuildingBlocks.Domain", "src\BuildingBlocks\ShopX.BuildingBlocks.Domain\ShopX.BuildingBlocks.Domain.csproj", "{F36E83ED-82D4-4AE9-9755-1464E7B8CB55}"
EndProject
Project("{FAE04EC0-301F-11D3-BF4B-00C04F79EFBC}") = "ShopX.BuildingBlocks.Infrastructure", "src\BuildingBlocks\ShopX.BuildingBlocks.Infrastructure\ShopX.BuildingBlocks.Infrastructure.csproj", "{352C371E-489F-4723-AA35-09B39E3A4A6C}"
EndProject
Project("{FAE04EC0-301F-11D3-BF4B-00C04F79EFBC}") = "ShopX.BuildingBlocks.Messaging", "src\BuildingBlocks\ShopX.BuildingBlocks.Messaging\ShopX.BuildingBlocks.Messaging.csproj", "{4F917A6F-A40A-4634-BA3A-5EC995103D88}"
EndProject
Project("{FAE04EC0-301F-11D3-BF4B-00C04F79EFBC}") = "ShopX.BuildingBlocks.Web", "src\BuildingBlocks\ShopX.BuildingBlocks.Web\ShopX.BuildingBlocks.Web.csproj", "{81F8DEA8-9DEF-4D70-9DB0-A2AE6557ED6E}"
EndProject
Project("{2150E333-8FDC-42A3-9474-1A3956D46DE8}") = "Host", "Host", "{981C2CF6-E5BB-602A-511C-234B538302B0}"
EndProject
Project("{FAE04EC0-301F-11D3-BF4B-00C04F79EFBC}") = "ShopX.ApiGateway", "src\Host\ShopX.ApiGateway\ShopX.ApiGateway.csproj", "{3B8C096A-0FD0-4EA7-B032-99F2480A9BF9}"
EndProject
Project("{FAE04EC0-301F-11D3-BF4B-00C04F79EFBC}") = "ShopX.BackgroundWorker", "src\Host\ShopX.BackgroundWorker\ShopX.BackgroundWorker.csproj", "{3C686DF6-683F-4875-8E06-4BE5952DA94F}"
EndProject
Project("{2150E333-8FDC-42A3-9474-1A3956D46DE8}") = "docker", "docker", "{68ED40B2-8665-48A8-82AC-7557BEB46D32}"
	ProjectSection(SolutionItems) = preProject
		docker-compose.yaml = docker-compose.yaml
		otel-collector-config.yaml = otel-collector-config.yaml
		prometheus.yml = prometheus.yml
	EndProjectSection
EndProject
Project("{2150E333-8FDC-42A3-9474-1A3956D46DE8}") = "Modules", "Modules", "{3C551FB1-A5E0-483F-AF1B-BC3C91FCC5E1}"
EndProject
Project("{2150E333-8FDC-42A3-9474-1A3956D46DE8}") = "Identity", "Identity", "{8FE4DDD1-C245-47BE-B71D-CD04819AD90E}"
EndProject
Project("{2150E333-8FDC-42A3-9474-1A3956D46DE8}") = "Catalog", "Catalog", "{488FB971-0B20-4A40-BB15-4FDD739234E1}"
EndProject
Project("{2150E333-8FDC-42A3-9474-1A3956D46DE8}") = "Orders", "Orders", "{DB1E7EF6-2A5D-41A9-82CD-B5476F8520ED}"
EndProject
Project("{2150E333-8FDC-42A3-9474-1A3956D46DE8}") = "Payments", "Payments", "{0A55EC08-ED04-430A-A47F-444AA074C99F}"
EndProject
Project("{FAE04EC0-301F-11D3-BF4B-00C04F79EFBC}") = "Shopx.Catalog.Domain", "src\Modules\Catalog\Shopx.Catalog.Domain\Shopx.Catalog.Domain.csproj", "{11C4ED74-287C-4A77-94D6-D4F4BAF40628}"
EndProject
Project("{FAE04EC0-301F-11D3-BF4B-00C04F79EFBC}") = "ShopX.Catalog.Application", "src\Modules\Catalog\ShopX.Catalog.Application\ShopX.Catalog.Application.csproj", "{50D7672D-405A-45A5-A03E-815E495DF632}"
EndProject
Project("{FAE04EC0-301F-11D3-BF4B-00C04F79EFBC}") = "ShopX.Catalog.Infrastructure", "src\Modules\Catalog\ShopX.Catalog.Infrastructure\ShopX.Catalog.Infrastructure.csproj", "{A01DABCC-8AEA-4B7D-A9FA-03EEAC4D4F5C}"
EndProject
Project("{FAE04EC0-301F-11D3-BF4B-00C04F79EFBC}") = "ShopX.Catalog.API", "src\Modules\Catalog\ShopX.Catalog.API\ShopX.Catalog.API.csproj", "{7A64BF2B-37DB-414D-814A-D653E590B596}"
EndProject
Project("{2150E333-8FDC-42A3-9474-1A3956D46DE8}") = "tests", "tests", "{0AB3BF05-4346-4AA6-1389-037BE0695223}"
EndProject
Project("{FAE04EC0-301F-11D3-BF4B-00C04F79EFBC}") = "Shopx.Catalog.IntegrationTests", "tests\Shopx.Catalog.IntegrationTests\Shopx.Catalog.IntegrationTests.csproj", "{4F021FFC-C3DE-48B2-9939-C73E1A04856E}"
EndProject
Global
	GlobalSection(SolutionConfigurationPlatforms) = preSolution
		Debug|Any CPU = Debug|Any CPU
		Debug|x64 = Debug|x64
		Debug|x86 = Debug|x86
		Release|Any CPU = Release|Any CPU
		Release|x64 = Release|x64
		Release|x86 = Release|x86
	EndGlobalSection
	GlobalSection(ProjectConfigurationPlatforms) = postSolution
		{2BCB5DBC-D97A-4401-A0CF-0B0120FB9619}.Debug|Any CPU.ActiveCfg = Debug|Any CPU
		{2BCB5DBC-D97A-4401-A0CF-0B0120FB9619}.Debug|Any CPU.Build.0 = Debug|Any CPU
		{2BCB5DBC-D97A-4401-A0CF-0B0120FB9619}.Debug|x64.ActiveCfg = Debug|Any CPU
		{2BCB5DBC-D97A-4401-A0CF-0B0120FB9619}.Debug|x64.Build.0 = Debug|Any CPU
		{2BCB5DBC-D97A-4401-A0CF-0B0120FB9619}.Debug|x86.ActiveCfg = Debug|Any CPU
		{2BCB5DBC-D97A-4401-A0CF-0B0120FB9619}.Debug|x86.Build.0 = Debug|Any CPU
		{2BCB5DBC-D97A-4401-A0CF-0B0120FB9619}.Release|Any CPU.ActiveCfg = Release|Any CPU
		{2BCB5DBC-D97A-4401-A0CF-0B0120FB9619}.Release|Any CPU.Build.0 = Release|Any CPU
		{2BCB5DBC-D97A-4401-A0CF-0B0120FB9619}.Release|x64.ActiveCfg = Release|Any CPU
		{2BCB5DBC-D97A-4401-A0CF-0B0120FB9619}.Release|x64.Build.0 = Release|Any CPU
		{2BCB5DBC-D97A-4401-A0CF-0B0120FB9619}.Release|x86.ActiveCfg = Release|Any CPU
		{2BCB5DBC-D97A-4401-A0CF-0B0120FB9619}.Release|x86.Build.0 = Release|Any CPU
		{F36E83ED-82D4-4AE9-9755-1464E7B8CB55}.Debug|Any CPU.ActiveCfg = Debug|Any CPU
		{F36E83ED-82D4-4AE9-9755-1464E7B8CB55}.Debug|Any CPU.Build.0 = Debug|Any CPU
		{F36E83ED-82D4-4AE9-9755-1464E7B8CB55}.Debug|x64.ActiveCfg = Debug|Any CPU
		{F36E83ED-82D4-4AE9-9755-1464E7B8CB55}.Debug|x64.Build.0 = Debug|Any CPU
		{F36E83ED-82D4-4AE9-9755-1464E7B8CB55}.Debug|x86.ActiveCfg = Debug|Any CPU
		{F36E83ED-82D4-4AE9-9755-1464E7B8CB55}.Debug|x86.Build.0 = Debug|Any CPU
		{F36E83ED-82D4-4AE9-9755-1464E7B8CB55}.Release|Any CPU.ActiveCfg = Release|Any CPU
		{F36E83ED-82D4-4AE9-9755-1464E7B8CB55}.Release|Any CPU.Build.0 = Release|Any CPU
		{F36E83ED-82D4-4AE9-9755-1464E7B8CB55}.Release|x64.ActiveCfg = Release|Any CPU
		{F36E83ED-82D4-4AE9-9755-1464E7B8CB55}.Release|x64.Build.0 = Release|Any CPU
		{F36E83ED-82D4-4AE9-9755-1464E7B8CB55}.Release|x86.ActiveCfg = Release|Any CPU
		{F36E83ED-82D4-4AE9-9755-1464E7B8CB55}.Release|x86.Build.0 = Release|Any CPU
		{352C371E-489F-4723-AA35-09B39E3A4A6C}.Debug|Any CPU.ActiveCfg = Debug|Any CPU
		{352C371E-489F-4723-AA35-09B39E3A4A6C}.Debug|Any CPU.Build.0 = Debug|Any CPU
		{352C371E-489F-4723-AA35-09B39E3A4A6C}.Debug|x64.ActiveCfg = Debug|Any CPU
		{352C371E-489F-4723-AA35-09B39E3A4A6C}.Debug|x64.Build.0 = Debug|Any CPU
		{352C371E-489F-4723-AA35-09B39E3A4A6C}.Debug|x86.ActiveCfg = Debug|Any CPU
		{352C371E-489F-4723-AA35-09B39E3A4A6C}.Debug|x86.Build.0 = Debug|Any CPU
		{352C371E-489F-4723-AA35-09B39E3A4A6C}.Release|Any CPU.ActiveCfg = Release|Any CPU
		{352C371E-489F-4723-AA35-09B39E3A4A6C}.Release|Any CPU.Build.0 = Release|Any CPU
		{352C371E-489F-4723-AA35-09B39E3A4A6C}.Release|x64.ActiveCfg = Release|Any CPU
		{352C371E-489F-4723-AA35-09B39E3A4A6C}.Release|x64.Build.0 = Release|Any CPU
		{352C371E-489F-4723-AA35-09B39E3A4A6C}.Release|x86.ActiveCfg = Release|Any CPU
		{352C371E-489F-4723-AA35-09B39E3A4A6C}.Release|x86.Build.0 = Release|Any CPU
		{4F917A6F-A40A-4634-BA3A-5EC995103D88}.Debug|Any CPU.ActiveCfg = Debug|Any CPU
		{4F917A6F-A40A-4634-BA3A-5EC995103D88}.Debug|Any CPU.Build.0 = Debug|Any CPU
		{4F917A6F-A40A-4634-BA3A-5EC995103D88}.Debug|x64.ActiveCfg = Debug|Any CPU
		{4F917A6F-A40A-4634-BA3A-5EC995103D88}.Debug|x64.Build.0 = Debug|Any CPU
		{4F917A6F-A40A-4634-BA3A-5EC995103D88}.Debug|x86.ActiveCfg = Debug|Any CPU
		{4F917A6F-A40A-4634-BA3A-5EC995103D88}.Debug|x86.Build.0 = Debug|Any CPU
		{4F917A6F-A40A-4634-BA3A-5EC995103D88}.Release|Any CPU.ActiveCfg = Release|Any CPU
		{4F917A6F-A40A-4634-BA3A-5EC995103D88}.Release|Any CPU.Build.0 = Release|Any CPU
		{4F917A6F-A40A-4634-BA3A-5EC995103D88}.Release|x64.ActiveCfg = Release|Any CPU
		{4F917A6F-A40A-4634-BA3A-5EC995103D88}.Release|x64.Build.0 = Release|Any CPU
		{4F917A6F-A40A-4634-BA3A-5EC995103D88}.Release|x86.ActiveCfg = Release|Any CPU
		{4F917A6F-A40A-4634-BA3A-5EC995103D88}.Release|x86.Build.0 = Release|Any CPU
		{81F8DEA8-9DEF-4D70-9DB0-A2AE6557ED6E}.Debug|Any CPU.ActiveCfg = Debug|Any CPU
		{81F8DEA8-9DEF-4D70-9DB0-A2AE6557ED6E}.Debug|Any CPU.Build.0 = Debug|Any CPU
		{81F8DEA8-9DEF-4D70-9DB0-A2AE6557ED6E}.Debug|x64.ActiveCfg = Debug|Any CPU
		{81F8DEA8-9DEF-4D70-9DB0-A2AE6557ED6E}.Debug|x64.Build.0 = Debug|Any CPU
		{81F8DEA8-9DEF-4D70-9DB0-A2AE6557ED6E}.Debug|x86.ActiveCfg = Debug|Any CPU
		{81F8DEA8-9DEF-4D70-9DB0-A2AE6557ED6E}.Debug|x86.Build.0 = Debug|Any CPU
		{81F8DEA8-9DEF-4D70-9DB0-A2AE6557ED6E}.Release|Any CPU.ActiveCfg = Release|Any CPU
		{81F8DEA8-9DEF-4D70-9DB0-A2AE6557ED6E}.Release|Any CPU.Build.0 = Release|Any CPU
		{81F8DEA8-9DEF-4D70-9DB0-A2AE6557ED6E}.Release|x64.ActiveCfg = Release|Any CPU
		{81F8DEA8-9DEF-4D70-9DB0-A2AE6557ED6E}.Release|x64.Build.0 = Release|Any CPU
		{81F8DEA8-9DEF-4D70-9DB0-A2AE6557ED6E}.Release|x86.ActiveCfg = Release|Any CPU
		{81F8DEA8-9DEF-4D70-9DB0-A2AE6557ED6E}.Release|x86.Build.0 = Release|Any CPU
		{3B8C096A-0FD0-4EA7-B032-99F2480A9BF9}.Debug|Any CPU.ActiveCfg = Debug|Any CPU
		{3B8C096A-0FD0-4EA7-B032-99F2480A9BF9}.Debug|Any CPU.Build.0 = Debug|Any CPU
		{3B8C096A-0FD0-4EA7-B032-99F2480A9BF9}.Debug|x64.ActiveCfg = Debug|Any CPU
		{3B8C096A-0FD0-4EA7-B032-99F2480A9BF9}.Debug|x64.Build.0 = Debug|Any CPU
		{3B8C096A-0FD0-4EA7-B032-99F2480A9BF9}.Debug|x86.ActiveCfg = Debug|Any CPU
		{3B8C096A-0FD0-4EA7-B032-99F2480A9BF9}.Debug|x86.Build.0 = Debug|Any CPU
		{3B8C096A-0FD0-4EA7-B032-99F2480A9BF9}.Release|Any CPU.ActiveCfg = Release|Any CPU
		{3B8C096A-0FD0-4EA7-B032-99F2480A9BF9}.Release|Any CPU.Build.0 = Release|Any CPU
		{3B8C096A-0FD0-4EA7-B032-99F2480A9BF9}.Release|x64.ActiveCfg = Release|Any CPU
		{3B8C096A-0FD0-4EA7-B032-99F2480A9BF9}.Release|x64.Build.0 = Release|Any CPU
		{3B8C096A-0FD0-4EA7-B032-99F2480A9BF9}.Release|x86.ActiveCfg = Release|Any CPU
		{3B8C096A-0FD0-4EA7-B032-99F2480A9BF9}.Release|x86.Build.0 = Release|Any CPU
		{3C686DF6-683F-4875-8E06-4BE5952DA94F}.Debug|Any CPU.ActiveCfg = Debug|Any CPU
		{3C686DF6-683F-4875-8E06-4BE5952DA94F}.Debug|Any CPU.Build.0 = Debug|Any CPU
		{3C686DF6-683F-4875-8E06-4BE5952DA94F}.Debug|x64.ActiveCfg = Debug|Any CPU
		{3C686DF6-683F-4875-8E06-4BE5952DA94F}.Debug|x64.Build.0 = Debug|Any CPU
		{3C686DF6-683F-4875-8E06-4BE5952DA94F}.Debug|x86.ActiveCfg = Debug|Any CPU
		{3C686DF6-683F-4875-8E06-4BE5952DA94F}.Debug|x86.Build.0 = Debug|Any CPU
		{3C686DF6-683F-4875-8E06-4BE5952DA94F}.Release|Any CPU.ActiveCfg = Release|Any CPU
		{3C686DF6-683F-4875-8E06-4BE5952DA94F}.Release|Any CPU.Build.0 = Release|Any CPU
		{3C686DF6-683F-4875-8E06-4BE5952DA94F}.Release|x64.ActiveCfg = Release|Any CPU
		{3C686DF6-683F-4875-8E06-4BE5952DA94F}.Release|x64.Build.0 = Release|Any CPU
		{3C686DF6-683F-4875-8E06-4BE5952DA94F}.Release|x86.ActiveCfg = Release|Any CPU
		{3C686DF6-683F-4875-8E06-4BE5952DA94F}.Release|x86.Build.0 = Release|Any CPU
		{11C4ED74-287C-4A77-94D6-D4F4BAF40628}.Debug|Any CPU.ActiveCfg = Debug|Any CPU
		{11C4ED74-287C-4A77-94D6-D4F4BAF40628}.Debug|Any CPU.Build.0 = Debug|Any CPU
		{11C4ED74-287C-4A77-94D6-D4F4BAF40628}.Debug|x64.ActiveCfg = Debug|Any CPU
		{11C4ED74-287C-4A77-94D6-D4F4BAF40628}.Debug|x64.Build.0 = Debug|Any CPU
		{11C4ED74-287C-4A77-94D6-D4F4BAF40628}.Debug|x86.ActiveCfg = Debug|Any CPU
		{11C4ED74-287C-4A77-94D6-D4F4BAF40628}.Debug|x86.Build.0 = Debug|Any CPU
		{11C4ED74-287C-4A77-94D6-D4F4BAF40628}.Release|Any CPU.ActiveCfg = Release|Any CPU
		{11C4ED74-287C-4A77-94D6-D4F4BAF40628}.Release|Any CPU.Build.0 = Release|Any CPU
		{11C4ED74-287C-4A77-94D6-D4F4BAF40628}.Release|x64.ActiveCfg = Release|Any CPU
		{11C4ED74-287C-4A77-94D6-D4F4BAF40628}.Release|x64.Build.0 = Release|Any CPU
		{11C4ED74-287C-4A77-94D6-D4F4BAF40628}.Release|x86.ActiveCfg = Release|Any CPU
		{11C4ED74-287C-4A77-94D6-D4F4BAF40628}.Release|x86.Build.0 = Release|Any CPU
		{50D7672D-405A-45A5-A03E-815E495DF632}.Debug|Any CPU.ActiveCfg = Debug|Any CPU
		{50D7672D-405A-45A5-A03E-815E495DF632}.Debug|Any CPU.Build.0 = Debug|Any CPU
		{50D7672D-405A-45A5-A03E-815E495DF632}.Debug|x64.ActiveCfg = Debug|Any CPU
		{50D7672D-405A-45A5-A03E-815E495DF632}.Debug|x64.Build.0 = Debug|Any CPU
		{50D7672D-405A-45A5-A03E-815E495DF632}.Debug|x86.ActiveCfg = Debug|Any CPU
		{50D7672D-405A-45A5-A03E-815E495DF632}.Debug|x86.Build.0 = Debug|Any CPU
		{50D7672D-405A-45A5-A03E-815E495DF632}.Release|Any CPU.ActiveCfg = Release|Any CPU
		{50D7672D-405A-45A5-A03E-815E495DF632}.Release|Any CPU.Build.0 = Release|Any CPU
		{50D7672D-405A-45A5-A03E-815E495DF632}.Release|x64.ActiveCfg = Release|Any CPU
		{50D7672D-405A-45A5-A03E-815E495DF632}.Release|x64.Build.0 = Release|Any CPU
		{50D7672D-405A-45A5-A03E-815E495DF632}.Release|x86.ActiveCfg = Release|Any CPU
		{50D7672D-405A-45A5-A03E-815E495DF632}.Release|x86.Build.0 = Release|Any CPU
		{A01DABCC-8AEA-4B7D-A9FA-03EEAC4D4F5C}.Debug|Any CPU.ActiveCfg = Debug|Any CPU
		{A01DABCC-8AEA-4B7D-A9FA-03EEAC4D4F5C}.Debug|Any CPU.Build.0 = Debug|Any CPU
		{A01DABCC-8AEA-4B7D-A9FA-03EEAC4D4F5C}.Debug|x64.ActiveCfg = Debug|Any CPU
		{A01DABCC-8AEA-4B7D-A9FA-03EEAC4D4F5C}.Debug|x64.Build.0 = Debug|Any CPU
		{A01DABCC-8AEA-4B7D-A9FA-03EEAC4D4F5C}.Debug|x86.ActiveCfg = Debug|Any CPU
		{A01DABCC-8AEA-4B7D-A9FA-03EEAC4D4F5C}.Debug|x86.Build.0 = Debug|Any CPU
		{A01DABCC-8AEA-4B7D-A9FA-03EEAC4D4F5C}.Release|Any CPU.ActiveCfg = Release|Any CPU
		{A01DABCC-8AEA-4B7D-A9FA-03EEAC4D4F5C}.Release|Any CPU.Build.0 = Release|Any CPU
		{A01DABCC-8AEA-4B7D-A9FA-03EEAC4D4F5C}.Release|x64.ActiveCfg = Release|Any CPU
		{A01DABCC-8AEA-4B7D-A9FA-03EEAC4D4F5C}.Release|x64.Build.0 = Release|Any CPU
		{A01DABCC-8AEA-4B7D-A9FA-03EEAC4D4F5C}.Release|x86.ActiveCfg = Release|Any CPU
		{A01DABCC-8AEA-4B7D-A9FA-03EEAC4D4F5C}.Release|x86.Build.0 = Release|Any CPU
		{7A64BF2B-37DB-414D-814A-D653E590B596}.Debug|Any CPU.ActiveCfg = Debug|Any CPU
		{7A64BF2B-37DB-414D-814A-D653E590B596}.Debug|Any CPU.Build.0 = Debug|Any CPU
		{7A64BF2B-37DB-414D-814A-D653E590B596}.Debug|x64.ActiveCfg = Debug|Any CPU
		{7A64BF2B-37DB-414D-814A-D653E590B596}.Debug|x64.Build.0 = Debug|Any CPU
		{7A64BF2B-37DB-414D-814A-D653E590B596}.Debug|x86.ActiveCfg = Debug|Any CPU
		{7A64BF2B-37DB-414D-814A-D653E590B596}.Debug|x86.Build.0 = Debug|Any CPU
		{7A64BF2B-37DB-414D-814A-D653E590B596}.Release|Any CPU.ActiveCfg = Release|Any CPU
		{7A64BF2B-37DB-414D-814A-D653E590B596}.Release|Any CPU.Build.0 = Release|Any CPU
		{7A64BF2B-37DB-414D-814A-D653E590B596}.Release|x64.ActiveCfg = Release|Any CPU
		{7A64BF2B-37DB-414D-814A-D653E590B596}.Release|x64.Build.0 = Release|Any CPU
		{7A64BF2B-37DB-414D-814A-D653E590B596}.Release|x86.ActiveCfg = Release|Any CPU
		{7A64BF2B-37DB-414D-814A-D653E590B596}.Release|x86.Build.0 = Release|Any CPU
		{4F021FFC-C3DE-48B2-9939-C73E1A04856E}.Debug|Any CPU.ActiveCfg = Debug|Any CPU
		{4F021FFC-C3DE-48B2-9939-C73E1A04856E}.Debug|Any CPU.Build.0 = Debug|Any CPU
		{4F021FFC-C3DE-48B2-9939-C73E1A04856E}.Debug|x64.ActiveCfg = Debug|Any CPU
		{4F021FFC-C3DE-48B2-9939-C73E1A04856E}.Debug|x64.Build.0 = Debug|Any CPU
		{4F021FFC-C3DE-48B2-9939-C73E1A04856E}.Debug|x86.ActiveCfg = Debug|Any CPU
		{4F021FFC-C3DE-48B2-9939-C73E1A04856E}.Debug|x86.Build.0 = Debug|Any CPU
		{4F021FFC-C3DE-48B2-9939-C73E1A04856E}.Release|Any CPU.ActiveCfg = Release|Any CPU
		{4F021FFC-C3DE-48B2-9939-C73E1A04856E}.Release|Any CPU.Build.0 = Release|Any CPU
		{4F021FFC-C3DE-48B2-9939-C73E1A04856E}.Release|x64.ActiveCfg = Release|Any CPU
		{4F021FFC-C3DE-48B2-9939-C73E1A04856E}.Release|x64.Build.0 = Release|Any CPU
		{4F021FFC-C3DE-48B2-9939-C73E1A04856E}.Release|x86.ActiveCfg = Release|Any CPU
		{4F021FFC-C3DE-48B2-9939-C73E1A04856E}.Release|x86.Build.0 = Release|Any CPU
	EndGlobalSection
	GlobalSection(SolutionProperties) = preSolution
		HideSolutionNode = FALSE
	EndGlobalSection
	GlobalSection(NestedProjects) = preSolution
		{90298CBA-BD6F-3A0A-69D5-97CAD7B05E7E} = {827E0CD3-B72D-47B6-A68D-7590B98EB39B}
		{2BCB5DBC-D97A-4401-A0CF-0B0120FB9619} = {90298CBA-BD6F-3A0A-69D5-97CAD7B05E7E}
		{F36E83ED-82D4-4AE9-9755-1464E7B8CB55} = {90298CBA-BD6F-3A0A-69D5-97CAD7B05E7E}
		{352C371E-489F-4723-AA35-09B39E3A4A6C} = {90298CBA-BD6F-3A0A-69D5-97CAD7B05E7E}
		{4F917A6F-A40A-4634-BA3A-5EC995103D88} = {90298CBA-BD6F-3A0A-69D5-97CAD7B05E7E}
		{81F8DEA8-9DEF-4D70-9DB0-A2AE6557ED6E} = {90298CBA-BD6F-3A0A-69D5-97CAD7B05E7E}
		{981C2CF6-E5BB-602A-511C-234B538302B0} = {827E0CD3-B72D-47B6-A68D-7590B98EB39B}
		{3B8C096A-0FD0-4EA7-B032-99F2480A9BF9} = {981C2CF6-E5BB-602A-511C-234B538302B0}
		{3C686DF6-683F-4875-8E06-4BE5952DA94F} = {981C2CF6-E5BB-602A-511C-234B538302B0}
		{3C551FB1-A5E0-483F-AF1B-BC3C91FCC5E1} = {827E0CD3-B72D-47B6-A68D-7590B98EB39B}
		{8FE4DDD1-C245-47BE-B71D-CD04819AD90E} = {3C551FB1-A5E0-483F-AF1B-BC3C91FCC5E1}
		{488FB971-0B20-4A40-BB15-4FDD739234E1} = {3C551FB1-A5E0-483F-AF1B-BC3C91FCC5E1}
		{DB1E7EF6-2A5D-41A9-82CD-B5476F8520ED} = {3C551FB1-A5E0-483F-AF1B-BC3C91FCC5E1}
		{0A55EC08-ED04-430A-A47F-444AA074C99F} = {3C551FB1-A5E0-483F-AF1B-BC3C91FCC5E1}
		{11C4ED74-287C-4A77-94D6-D4F4BAF40628} = {488FB971-0B20-4A40-BB15-4FDD739234E1}
		{50D7672D-405A-45A5-A03E-815E495DF632} = {488FB971-0B20-4A40-BB15-4FDD739234E1}
		{A01DABCC-8AEA-4B7D-A9FA-03EEAC4D4F5C} = {488FB971-0B20-4A40-BB15-4FDD739234E1}
		{7A64BF2B-37DB-414D-814A-D653E590B596} = {488FB971-0B20-4A40-BB15-4FDD739234E1}
		{4F021FFC-C3DE-48B2-9939-C73E1A04856E} = {0AB3BF05-4346-4AA6-1389-037BE0695223}
	EndGlobalSection
EndGlobal
